
Microsoft Visual Studio Solution File, Format Version 12.00
# Visual Studio Version 16
VisualStudioVersion = 16.0.30907.101
MinimumVisualStudioVersion = 10.0.40219.1
Project("{FAE04EC0-301F-11D3-BF4B-00C04F79EFBC}") = "WSSOAP", "WSSOAP\WSSOAP.csproj", "{02033A47-D4FE-45E3-855F-66CE3D8E7260}"
EndProject
Global
	GlobalSection(SolutionConfigurationPlatforms) = preSolution
		Debug|Any CPU = Debug|Any CPU
		Release|Any CPU = Release|Any CPU
	EndGlobalSection
	GlobalSection(ProjectConfigurationPlatforms) = postSolution
		{02033A47-D4FE-45E3-855F-66CE3D8E7260}.Debug|Any CPU.ActiveCfg = Debug|Any CPU
		{02033A47-D4FE-45E3-855F-66CE3D8E7260}.Debug|Any CPU.Build.0 = Debug|Any CPU
		{02033A47-D4FE-45E3-855F-66CE3D8E7260}.Release|Any CPU.ActiveCfg = Release|Any CPU
		{02033A47-D4FE-45E3-855F-66CE3D8E7260}.Release|Any CPU.Build.0 = Release|Any CPU
	EndGlobalSection
	GlobalSection(SolutionProperties) = preSolution
		HideSolutionNode = FALSE
	EndGlobalSection
	GlobalSection(ExtensibilityGlobals) = postSolution
		SolutionGuid = {895F3B23-251C-4E7E-862C-1087C80F7B49}
	EndGlobalSection
EndGlobal
