
Microsoft Visual Studio Solution File, Format Version 12.00
# Visual Studio Version 16
VisualStudioVersion = 16.0.30907.101
MinimumVisualStudioVersion = 10.0.40219.1
Project("{FAE04EC0-301F-11D3-BF4B-00C04F79EFBC}") = "MathsLibrary", "MathsLibrary\MathsLibrary.csproj", "{2DA12D52-EAA2-415D-9CB9-5DD3DDD6B71A}"
EndProject
Global
	GlobalSection(SolutionConfigurationPlatforms) = preSolution
		Debug|Any CPU = Debug|Any CPU
		Release|Any CPU = Release|Any CPU
	EndGlobalSection
	GlobalSection(ProjectConfigurationPlatforms) = postSolution
		{2DA12D52-EAA2-415D-9CB9-5DD3DDD6B71A}.Debug|Any CPU.ActiveCfg = Debug|Any CPU
		{2DA12D52-EAA2-415D-9CB9-5DD3DDD6B71A}.Debug|Any CPU.Build.0 = Debug|Any CPU
		{2DA12D52-EAA2-415D-9CB9-5DD3DDD6B71A}.Release|Any CPU.ActiveCfg = Release|Any CPU
		{2DA12D52-EAA2-415D-9CB9-5DD3DDD6B71A}.Release|Any CPU.Build.0 = Release|Any CPU
	EndGlobalSection
	GlobalSection(SolutionProperties) = preSolution
		HideSolutionNode = FALSE
	EndGlobalSection
	GlobalSection(ExtensibilityGlobals) = postSolution
		SolutionGuid = {2472F80E-8A92-41D9-AF54-A88454817DDB}
	EndGlobalSection
EndGlobal
